
Microsoft Visual Studio Solution File, Format Version 12.00
# Visual Studio Version 17
VisualStudioVersion = 17.4.33122.133
MinimumVisualStudioVersion = 10.0.40219.1
Project("{2150E333-8FDC-42A3-9474-1A3956D46DE8}") = "BookingService", "BookingService", "{7DAC438D-CD69-411A-956F-8D38BAA368F3}"
EndProject
Project("{2150E333-8FDC-42A3-9474-1A3956D46DE8}") = "PaymentService", "PaymentService", "{E018137E-67E2-4C9F-A60E-759DF7E6083A}"
EndProject
Project("{2150E333-8FDC-42A3-9474-1A3956D46DE8}") = "Core", "Core", "{38A2DE57-99A5-4377-88DC-22276018E6A1}"
EndProject
Project("{2150E333-8FDC-42A3-9474-1A3956D46DE8}") = "Domain", "Domain", "{62E15896-DF2D-4A38-994E-13E7DE0AEA0D}"
EndProject
Project("{2150E333-8FDC-42A3-9474-1A3956D46DE8}") = "Application", "Application", "{B455A5E5-47E7-4C77-B929-3F7B3D9C3650}"
EndProject
Project("{2150E333-8FDC-42A3-9474-1A3956D46DE8}") = "Adapters", "Adapters", "{0431D55D-9D61-42AE-B294-2F1A27C85E34}"
EndProject
Project("{2150E333-8FDC-42A3-9474-1A3956D46DE8}") = "Consumers", "Consumers", "{5C723156-7F24-4E5A-A5EA-F731239762BF}"
EndProject
Project("{2150E333-8FDC-42A3-9474-1A3956D46DE8}") = "Tests", "Tests", "{9EDD34EF-EB3B-4AEC-84B0-CA71AB41A5A6}"
EndProject
Project("{2150E333-8FDC-42A3-9474-1A3956D46DE8}") = "Domain", "Domain", "{22273D80-3D1F-4E20-98AE-E8531D116DA6}"
EndProject
Project("{2150E333-8FDC-42A3-9474-1A3956D46DE8}") = "Application", "Application", "{69D4497C-033F-46BD-B54B-BD3E187261F3}"
EndProject
Project("{2150E333-8FDC-42A3-9474-1A3956D46DE8}") = "Adapters", "Adapters", "{071348BA-01D8-4880-A8E9-A34F100FF6D1}"
EndProject
Project("{9A19103F-16F7-4668-BE54-9A1E7A4F7556}") = "DomainTests", "BookingService\Tests\Domain\DomainTests\DomainTests.csproj", "{15451EDE-9932-496B-933A-AB40DA869E44}"
EndProject
Project("{9A19103F-16F7-4668-BE54-9A1E7A4F7556}") = "ApplicationTests", "BookingService\Tests\Application\ApplicationTests\ApplicationTests.csproj", "{C9C543A9-50D7-4845-8411-96ACADE9BE77}"
EndProject
Project("{9A19103F-16F7-4668-BE54-9A1E7A4F7556}") = "AdaptersTests", "BookingService\Tests\Adapters\AdaptersTests\AdaptersTests.csproj", "{DB4FFF55-C29A-420C-A123-B28CBE247D7B}"
EndProject
Project("{9A19103F-16F7-4668-BE54-9A1E7A4F7556}") = "API", "BookingService\Consumers\API\API.csproj", "{931EE74B-2F5B-455E-AACE-F2A86EA159B1}"
EndProject
Project("{9A19103F-16F7-4668-BE54-9A1E7A4F7556}") = "Data", "BookingService\Adapters\Data\Data.csproj", "{637684A1-9EE5-4A35-8E6A-D9E53982A5BC}"
EndProject
Project("{9A19103F-16F7-4668-BE54-9A1E7A4F7556}") = "Application", "BookingService\Core\Application\Application.csproj", "{206B4649-38BB-4621-B3DB-4480264F13EB}"
EndProject
Project("{9A19103F-16F7-4668-BE54-9A1E7A4F7556}") = "Domain", "BookingService\Core\Domain\Domain.csproj", "{CEE023EE-9514-417E-9F7F-3E3AC9D1127E}"
EndProject
Project("{2150E333-8FDC-42A3-9474-1A3956D46DE8}") = "Core", "Core", "{899F1B2F-347D-4E35-94D3-3F00AB80F731}"
EndProject
Project("{2150E333-8FDC-42A3-9474-1A3956D46DE8}") = "Application", "Application", "{B0B31986-E904-432C-81B9-FF1D3FFCCDEB}"
EndProject
Project("{2150E333-8FDC-42A3-9474-1A3956D46DE8}") = "Domain", "Domain", "{1C00A03E-8674-4C37-ADB0-70B4445D6099}"
EndProject
Project("{9A19103F-16F7-4668-BE54-9A1E7A4F7556}") = "PaymentApplication", "PaymentService\Core\Application\Application\PaymentApplication.csproj", "{D3F3A6E2-6421-4422-9A86-A8770D8D085C}"
EndProject
Project("{2150E333-8FDC-42A3-9474-1A3956D46DE8}") = "Tests", "Tests", "{4F926FD3-2349-4D7D-9D30-604166B09C35}"
EndProject
Project("{FAE04EC0-301F-11D3-BF4B-00C04F79EFBC}") = "PaymentTests", "PaymentService\Tests\PaymentTests\PaymentTests.csproj", "{A84E7DCC-D956-480A-BEAC-83A749D15A0B}"
EndProject
Global
	GlobalSection(SolutionConfigurationPlatforms) = preSolution
		Debug|Any CPU = Debug|Any CPU
		Release|Any CPU = Release|Any CPU
	EndGlobalSection
	GlobalSection(ProjectConfigurationPlatforms) = postSolution
		{15451EDE-9932-496B-933A-AB40DA869E44}.Debug|Any CPU.ActiveCfg = Debug|Any CPU
		{15451EDE-9932-496B-933A-AB40DA869E44}.Debug|Any CPU.Build.0 = Debug|Any CPU
		{15451EDE-9932-496B-933A-AB40DA869E44}.Release|Any CPU.ActiveCfg = Release|Any CPU
		{15451EDE-9932-496B-933A-AB40DA869E44}.Release|Any CPU.Build.0 = Release|Any CPU
		{C9C543A9-50D7-4845-8411-96ACADE9BE77}.Debug|Any CPU.ActiveCfg = Debug|Any CPU
		{C9C543A9-50D7-4845-8411-96ACADE9BE77}.Debug|Any CPU.Build.0 = Debug|Any CPU
		{C9C543A9-50D7-4845-8411-96ACADE9BE77}.Release|Any CPU.ActiveCfg = Release|Any CPU
		{C9C543A9-50D7-4845-8411-96ACADE9BE77}.Release|Any CPU.Build.0 = Release|Any CPU
		{DB4FFF55-C29A-420C-A123-B28CBE247D7B}.Debug|Any CPU.ActiveCfg = Debug|Any CPU
		{DB4FFF55-C29A-420C-A123-B28CBE247D7B}.Debug|Any CPU.Build.0 = Debug|Any CPU
		{DB4FFF55-C29A-420C-A123-B28CBE247D7B}.Release|Any CPU.ActiveCfg = Release|Any CPU
		{DB4FFF55-C29A-420C-A123-B28CBE247D7B}.Release|Any CPU.Build.0 = Release|Any CPU
		{931EE74B-2F5B-455E-AACE-F2A86EA159B1}.Debug|Any CPU.ActiveCfg = Debug|Any CPU
		{931EE74B-2F5B-455E-AACE-F2A86EA159B1}.Debug|Any CPU.Build.0 = Debug|Any CPU
		{931EE74B-2F5B-455E-AACE-F2A86EA159B1}.Release|Any CPU.ActiveCfg = Release|Any CPU
		{931EE74B-2F5B-455E-AACE-F2A86EA159B1}.Release|Any CPU.Build.0 = Release|Any CPU
		{637684A1-9EE5-4A35-8E6A-D9E53982A5BC}.Debug|Any CPU.ActiveCfg = Debug|Any CPU
		{637684A1-9EE5-4A35-8E6A-D9E53982A5BC}.Debug|Any CPU.Build.0 = Debug|Any CPU
		{637684A1-9EE5-4A35-8E6A-D9E53982A5BC}.Release|Any CPU.ActiveCfg = Release|Any CPU
		{637684A1-9EE5-4A35-8E6A-D9E53982A5BC}.Release|Any CPU.Build.0 = Release|Any CPU
		{206B4649-38BB-4621-B3DB-4480264F13EB}.Debug|Any CPU.ActiveCfg = Debug|Any CPU
		{206B4649-38BB-4621-B3DB-4480264F13EB}.Debug|Any CPU.Build.0 = Debug|Any CPU
		{206B4649-38BB-4621-B3DB-4480264F13EB}.Release|Any CPU.ActiveCfg = Release|Any CPU
		{206B4649-38BB-4621-B3DB-4480264F13EB}.Release|Any CPU.Build.0 = Release|Any CPU
		{CEE023EE-9514-417E-9F7F-3E3AC9D1127E}.Debug|Any CPU.ActiveCfg = Debug|Any CPU
		{CEE023EE-9514-417E-9F7F-3E3AC9D1127E}.Debug|Any CPU.Build.0 = Debug|Any CPU
		{CEE023EE-9514-417E-9F7F-3E3AC9D1127E}.Release|Any CPU.ActiveCfg = Release|Any CPU
		{CEE023EE-9514-417E-9F7F-3E3AC9D1127E}.Release|Any CPU.Build.0 = Release|Any CPU
		{D3F3A6E2-6421-4422-9A86-A8770D8D085C}.Debug|Any CPU.ActiveCfg = Debug|Any CPU
		{D3F3A6E2-6421-4422-9A86-A8770D8D085C}.Debug|Any CPU.Build.0 = Debug|Any CPU
		{D3F3A6E2-6421-4422-9A86-A8770D8D085C}.Release|Any CPU.ActiveCfg = Release|Any CPU
		{D3F3A6E2-6421-4422-9A86-A8770D8D085C}.Release|Any CPU.Build.0 = Release|Any CPU
		{A84E7DCC-D956-480A-BEAC-83A749D15A0B}.Debug|Any CPU.ActiveCfg = Debug|Any CPU
		{A84E7DCC-D956-480A-BEAC-83A749D15A0B}.Debug|Any CPU.Build.0 = Debug|Any CPU
		{A84E7DCC-D956-480A-BEAC-83A749D15A0B}.Release|Any CPU.ActiveCfg = Release|Any CPU
		{A84E7DCC-D956-480A-BEAC-83A749D15A0B}.Release|Any CPU.Build.0 = Release|Any CPU
	EndGlobalSection
	GlobalSection(SolutionProperties) = preSolution
		HideSolutionNode = FALSE
	EndGlobalSection
	GlobalSection(NestedProjects) = preSolution
		{38A2DE57-99A5-4377-88DC-22276018E6A1} = {7DAC438D-CD69-411A-956F-8D38BAA368F3}
		{62E15896-DF2D-4A38-994E-13E7DE0AEA0D} = {38A2DE57-99A5-4377-88DC-22276018E6A1}
		{B455A5E5-47E7-4C77-B929-3F7B3D9C3650} = {38A2DE57-99A5-4377-88DC-22276018E6A1}
		{0431D55D-9D61-42AE-B294-2F1A27C85E34} = {7DAC438D-CD69-411A-956F-8D38BAA368F3}
		{5C723156-7F24-4E5A-A5EA-F731239762BF} = {7DAC438D-CD69-411A-956F-8D38BAA368F3}
		{9EDD34EF-EB3B-4AEC-84B0-CA71AB41A5A6} = {7DAC438D-CD69-411A-956F-8D38BAA368F3}
		{22273D80-3D1F-4E20-98AE-E8531D116DA6} = {9EDD34EF-EB3B-4AEC-84B0-CA71AB41A5A6}
		{69D4497C-033F-46BD-B54B-BD3E187261F3} = {9EDD34EF-EB3B-4AEC-84B0-CA71AB41A5A6}
		{071348BA-01D8-4880-A8E9-A34F100FF6D1} = {9EDD34EF-EB3B-4AEC-84B0-CA71AB41A5A6}
		{15451EDE-9932-496B-933A-AB40DA869E44} = {22273D80-3D1F-4E20-98AE-E8531D116DA6}
		{C9C543A9-50D7-4845-8411-96ACADE9BE77} = {69D4497C-033F-46BD-B54B-BD3E187261F3}
		{DB4FFF55-C29A-420C-A123-B28CBE247D7B} = {071348BA-01D8-4880-A8E9-A34F100FF6D1}
		{931EE74B-2F5B-455E-AACE-F2A86EA159B1} = {5C723156-7F24-4E5A-A5EA-F731239762BF}
		{637684A1-9EE5-4A35-8E6A-D9E53982A5BC} = {0431D55D-9D61-42AE-B294-2F1A27C85E34}
		{206B4649-38BB-4621-B3DB-4480264F13EB} = {B455A5E5-47E7-4C77-B929-3F7B3D9C3650}
		{CEE023EE-9514-417E-9F7F-3E3AC9D1127E} = {62E15896-DF2D-4A38-994E-13E7DE0AEA0D}
		{899F1B2F-347D-4E35-94D3-3F00AB80F731} = {E018137E-67E2-4C9F-A60E-759DF7E6083A}
		{B0B31986-E904-432C-81B9-FF1D3FFCCDEB} = {899F1B2F-347D-4E35-94D3-3F00AB80F731}
		{1C00A03E-8674-4C37-ADB0-70B4445D6099} = {899F1B2F-347D-4E35-94D3-3F00AB80F731}
		{D3F3A6E2-6421-4422-9A86-A8770D8D085C} = {B0B31986-E904-432C-81B9-FF1D3FFCCDEB}
		{4F926FD3-2349-4D7D-9D30-604166B09C35} = {E018137E-67E2-4C9F-A60E-759DF7E6083A}
		{A84E7DCC-D956-480A-BEAC-83A749D15A0B} = {4F926FD3-2349-4D7D-9D30-604166B09C35}
	EndGlobalSection
	GlobalSection(ExtensibilityGlobals) = postSolution
		SolutionGuid = {0D3ABE92-DA34-4BA4-A1B9-4D4872EF6548}
	EndGlobalSection
EndGlobal
